{
  "name": "pt-activity-tools",
  "lockfileVersion": 3,
  "requires": true,
  "packages": {
    "": {
      "name": "pt-activity-tools",
      "dependencies": {
        "twofish": "^1.0.1"
      }
    },
    "node_modules/twofish": {
      "version": "1.0.1",
      "resolved": "https://registry.npmjs.org/twofish/-/twofish-1.0.1.tgz",
      "integrity": "sha512-Bf0PRQDudJu4jlFG/Z47aUTkMYJF/rboa3SqYPDqo7OWXLPvQU1efKxPP4xAakqtm6WZmi4D+NCTCY5kolOGqQ==",
      "license": "MIT"
    }
  }
}
